
Microsoft Visual Studio Solution File, Format Version 12.00
# Visual Studio Version 16
VisualStudioVersion = 16.0.30114.105
MinimumVisualStudioVersion = 10.0.40219.1
Project("{2150E333-8FDC-42A3-9474-1A3956D46DE8}") = "src", "src", "{8C8C7463-4165-481C-A13E-E04B78ACCD9E}"
EndProject
Project("{FAE04EC0-301F-11D3-BF4B-00C04F79EFBC}") = "SimpleAPI", "src\SimpleAPI\SimpleAPI.csproj", "{C2CE6642-9A5E-4498-BBFD-899C071EC135}"
EndProject
Project("{2150E333-8FDC-42A3-9474-1A3956D46DE8}") = "test", "test", "{C459F088-DD04-48EB-AEDE-8D0DA47F4E39}"
EndProject
Project("{FAE04EC0-301F-11D3-BF4B-00C04F79EFBC}") = "SimpleAPI.Test", "test\SimpleAPI.Test\SimpleAPI.Test.csproj", "{E42B094B-0BCF-41AC-BF7B-31B2CACF27F6}"
EndProject
Global
	GlobalSection(SolutionConfigurationPlatforms) = preSolution
		Debug|Any CPU = Debug|Any CPU
		Release|Any CPU = Release|Any CPU
	EndGlobalSection
	GlobalSection(SolutionProperties) = preSolution
		HideSolutionNode = FALSE
	EndGlobalSection
	GlobalSection(ProjectConfigurationPlatforms) = postSolution
		{C2CE6642-9A5E-4498-BBFD-899C071EC135}.Debug|Any CPU.ActiveCfg = Debug|Any CPU
		{C2CE6642-9A5E-4498-BBFD-899C071EC135}.Debug|Any CPU.Build.0 = Debug|Any CPU
		{C2CE6642-9A5E-4498-BBFD-899C071EC135}.Release|Any CPU.ActiveCfg = Release|Any CPU
		{C2CE6642-9A5E-4498-BBFD-899C071EC135}.Release|Any CPU.Build.0 = Release|Any CPU
		{E42B094B-0BCF-41AC-BF7B-31B2CACF27F6}.Debug|Any CPU.ActiveCfg = Debug|Any CPU
		{E42B094B-0BCF-41AC-BF7B-31B2CACF27F6}.Debug|Any CPU.Build.0 = Debug|Any CPU
		{E42B094B-0BCF-41AC-BF7B-31B2CACF27F6}.Release|Any CPU.ActiveCfg = Release|Any CPU
		{E42B094B-0BCF-41AC-BF7B-31B2CACF27F6}.Release|Any CPU.Build.0 = Release|Any CPU
	EndGlobalSection
	GlobalSection(NestedProjects) = preSolution
		{C2CE6642-9A5E-4498-BBFD-899C071EC135} = {8C8C7463-4165-481C-A13E-E04B78ACCD9E}
		{E42B094B-0BCF-41AC-BF7B-31B2CACF27F6} = {C459F088-DD04-48EB-AEDE-8D0DA47F4E39}
	EndGlobalSection
EndGlobal
